{
  "name": "Custom-PostCSS",
  "version": "1.0.0",
  "lockfileVersion": 1,
  "requires": true,
  "dependencies": {
    "autoprefixer": {
      "version": "9.8.6",
      "resolved": "http://npm.kuaizitech.cn/autoprefixer/-/autoprefixer-9.8.6.tgz",
      "integrity": "sha1-O3NZTKG/kmYyDFrPFYjXTep0IQ8=",
      "dev": true,
      "requires": {
        "browserslist": "^4.12.0",
        "caniuse-lite": "^1.0.30001109",
        "colorette": "^1.2.1",
        "normalize-range": "^0.1.2",
        "num2fraction": "^1.2.2",
        "postcss": "^7.0.32",
        "postcss-value-parser": "^4.1.0"
      },
      "dependencies": {
        "picocolors": {
          "version": "0.2.1",
          "resolved": "http://npm.kuaizitech.cn/picocolors/-/picocolors-0.2.1.tgz",
          "integrity": "sha1-VwZw95NkaFHRuhNZlpYqutWHhZ8=",
          "dev": true
        },
        "postcss": {
          "version": "7.0.39",
          "resolved": "http://npm.kuaizitech.cn/postcss/-/postcss-7.0.39.tgz",
          "integrity": "sha1-liQ3XZZWMOLh8sAqk1yCpZy0gwk=",
          "dev": true,
          "requires": {
            "picocolors": "^0.2.1",
            "source-map": "^0.6.1"
          }
        }
      }
    },
    "browserslist": {
      "version": "4.14.0",
      "resolved": "http://npm.kuaizitech.cn/browserslist/-/browserslist-4.14.0.tgz",
      "integrity": "sha1-KQiVGr/k7Jhze3LzTDvO3I1DsAA=",
      "dev": true,
      "requires": {
        "caniuse-lite": "^1.0.30001111",
        "electron-to-chromium": "^1.3.523",
        "escalade": "^3.0.2",
        "node-releases": "^1.1.60"
      }
    },
    "caniuse-lite": {
      "version": "1.0.30001118",
      "resolved": "http://npm.kuaizitech.cn/caniuse-lite/-/caniuse-lite-1.0.30001118.tgz",
      "integrity": "sha1-EWqaZw5SZK7IlSB/XpGBKRdMb2I=",
      "dev": true
    },
    "colorette": {
      "version": "1.2.1",
      "resolved": "http://npm.kuaizitech.cn/colorette/-/colorette-1.2.1.tgz",
      "integrity": "sha1-TQuSEyXBT6+SYzCGpTbbbolWSxs=",
      "dev": true
    },
    "electron-to-chromium": {
      "version": "1.3.548",
      "resolved": "http://npm.kuaizitech.cn/electron-to-chromium/-/electron-to-chromium-1.3.548.tgz",
      "integrity": "sha1-sb2msk96HB+mJQuwOaC77RSPJvI=",
      "dev": true
    },
    "escalade": {
      "version": "3.0.2",
      "resolved": "http://npm.kuaizitech.cn/escalade/-/escalade-3.0.2.tgz",
      "integrity": "sha1-algNcO24eIDyK0yR0NVgeN9pYsQ=",
      "dev": true
    },
    "nanoid": {
      "version": "3.3.6",
      "resolved": "http://npm.kuaizitech.cn/nanoid/-/nanoid-3.3.6.tgz",
      "integrity": "sha512-BGcqMMJuToF7i1rt+2PWSNVnWIkGCU78jBG3RxO/bZlnZPK2Cmi2QaffxGO/2RvWi9sL+FAiRiXMgsyxQ1DIDA=="
    },
    "node-releases": {
      "version": "1.1.60",
      "resolved": "http://npm.kuaizitech.cn/node-releases/-/node-releases-1.1.60.tgz",
      "integrity": "sha1-aUi9/OgobwtdDlqI6DhOlU3+cIQ=",
      "dev": true
    },
    "normalize-range": {
      "version": "0.1.2",
      "resolved": "http://npm.kuaizitech.cn/normalize-range/-/normalize-range-0.1.2.tgz",
      "integrity": "sha1-LRDAa9/TEuqXd2laTShDlFa3WUI=",
      "dev": true
    },
    "num2fraction": {
      "version": "1.2.2",
      "resolved": "http://npm.kuaizitech.cn/num2fraction/-/num2fraction-1.2.2.tgz",
      "integrity": "sha1-b2gragJ6Tp3fpFZM0lidHU5mnt4=",
      "dev": true
    },
    "picocolors": {
      "version": "1.0.0",
      "resolved": "http://npm.kuaizitech.cn/picocolors/-/picocolors-1.0.0.tgz",
      "integrity": "sha1-y1vcdP8/UYkiNur3nWi8RFZKuBw="
    },
    "postcss": {
      "version": "8.4.31",
      "resolved": "http://npm.kuaizitech.cn/postcss/-/postcss-8.4.31.tgz",
      "integrity": "sha512-PS08Iboia9mts/2ygV3eLpY5ghnUcfLV/EXTOW1E2qYxJKGGBUtNjN76FYHnMs36RmARn41bC0AZmn+rR0OVpQ==",
      "requires": {
        "nanoid": "^3.3.6",
        "picocolors": "^1.0.0",
        "source-map-js": "^1.0.2"
      }
    },
    "postcss-value-parser": {
      "version": "4.1.0",
      "resolved": "http://npm.kuaizitech.cn/postcss-value-parser/-/postcss-value-parser-4.1.0.tgz",
      "integrity": "sha1-RD9qIM7WSBor2k+oUypuVdeJoss=",
      "dev": true
    },
    "source-map": {
      "version": "0.6.1",
      "resolved": "http://npm.kuaizitech.cn/source-map/-/source-map-0.6.1.tgz",
      "integrity": "sha1-dHIq8y6WFOnCh6jQu95IteLxomM=",
      "dev": true
    },
    "source-map-js": {
      "version": "1.0.2",
      "resolved": "http://npm.kuaizitech.cn/source-map-js/-/source-map-js-1.0.2.tgz",
      "integrity": "sha512-R0XvVJ9WusLiqTCEiGCmICCMplcCkIwwR11mOSD9CR5u+IXYdiseeEuXCVAjS54zqwkLcPNnmU4OeJ6tUrWhDw=="
    }
  }
}
